// !$*UTF8*$!
{
	archiveVersion = 1;
	classes = {
	};
	objectVersion = 77;
	objects = {

/* Begin PBXBuildFile section */
		04EE55491D3137B33F5197C5 /* DownloadService.swift in Sources */ = {isa = PBXBuildFile; fileRef = 2AA9751A1320C6FC88D0364A /* DownloadService.swift */; };
		0FDEA42279CFF55C6EF04232 /* ReaderSettings.swift in Sources */ = {isa = PBXBuildFile; fileRef = 9D5E6EF5AB1CA9C110967362 /* ReaderSettings.swift */; };
		1352A864DC0507000DD17076 /* URL+Extensions.swift in Sources */ = {isa = PBXBuildFile; fileRef = 89673E92440279510A0BD851 /* URL+Extensions.swift */; };
		1459B054FB8F36BFD256DFDE /* DownloadView.swift in Sources */ = {isa = PBXBuildFile; fileRef = 9F9ADAFE7C025105302A37F3 /* DownloadView.swift */; };
		1B3A1D4F54DFA4B9792BF13A /* ReaderSettingsView.swift in Sources */ = {isa = PBXBuildFile; fileRef = 13127784E105C9DBD0F05787 /* ReaderSettingsView.swift */; };
		1BF545CA38D0C0370A9FBB0B /* ContentView.swift in Sources */ = {isa = PBXBuildFile; fileRef = 730D090AAF48D85DAB71D78A /* ContentView.swift */; };
		2782A5B741B62016B9E2B094 /* CNovalReaderTests.swift in Sources */ = {isa = PBXBuildFile; fileRef = 074E9878BC98C8DE1581B703 /* CNovalReaderTests.swift */; };
		294019A23BC7B68C3658CDDD /* BookRowView.swift in Sources */ = {isa = PBXBuildFile; fileRef = BFAA7BA8A99D740BDB09DBE1 /* BookRowView.swift */; };
		371925B595E3BBE2E37CA551 /* TXTReaderView.swift in Sources */ = {isa = PBXBuildFile; fileRef = 59527F64C1C84AC2F3DE71DB /* TXTReaderView.swift */; };
		3D1A3D7330BC6541676E0AFD /* Book.swift in Sources */ = {isa = PBXBuildFile; fileRef = 8DDE2A32C7628A50D635C9EF /* Book.swift */; };
		ABCD1234567890ABCD123457 /* ReaderSharedComponents.swift in Sources */ = {isa = PBXBuildFile; fileRef = ABCD1234567890ABCD123456 /* ReaderSharedComponents.swift */; };
		40E3200F65F204CB565EC3CE /* DownloadViewModel.swift in Sources */ = {isa = PBXBuildFile; fileRef = CD9AFFCAE5A26175245BCC12 /* DownloadViewModel.swift */; };
		47B6A651615AC6E17837C293 /* PDFReaderView.swift in Sources */ = {isa = PBXBuildFile; fileRef = 34EEAEE1E7DE4E20741DE3B7 /* PDFReaderView.swift */; };
		527C830854E27BB7EDCD8AC1 /* EPUBParsingService.swift in Sources */ = {isa = PBXBuildFile; fileRef = BA29F4D31302E5A65AC92086 /* EPUBParsingService.swift */; };
		C0V3RF3TCH3F3TCHS3RV1C4 /* CoverFetchService.swift in Sources */ = {isa = PBXBuildFile; fileRef = C0V3RF3TCH3F3TCHS3RV1C3 /* CoverFetchService.swift */; };
		62A021B91052A4591C23905E /* FileManagerService.swift in Sources */ = {isa = PBXBuildFile; fileRef = C1D7F38AFF07CA251232ECD8 /* FileManagerService.swift */; };
		6B6AB17DE808096E650AE593 /* BookDetailView.swift in Sources */ = {isa = PBXBuildFile; fileRef = 02F2245EB25505A4A40934DA /* BookDetailView.swift */; };
		76450F96055D0992BF6C9E0D /* ZIPFoundation in Frameworks */ = {isa = PBXBuildFile; productRef = C99E7A7ABA2FE0CFA6BA6247 /* ZIPFoundation */; };
		7F6795D0EF0ECCEF3339A397 /* CNovalReaderUITestsLaunchTests.swift in Sources */ = {isa = PBXBuildFile; fileRef = BB9A241146B1DA22768BB8D3 /* CNovalReaderUITestsLaunchTests.swift */; };
		A2B840B0E6BE120C0ABDAD33 /* EPUBReaderView.swift in Sources */ = {isa = PBXBuildFile; fileRef = 9CDF0184C29035A903358D06 /* EPUBReaderView.swift */; };
		B437BF5C0FA672A8988FEA81 /* DownloadError.swift in Sources */ = {isa = PBXBuildFile; fileRef = 9CEBD727A106F988A700B2F0 /* DownloadError.swift */; };
		C3C512F88378D13CCAA1FF41 /* Assets.xcassets in Resources */ = {isa = PBXBuildFile; fileRef = 06CAD65AE03970CE09B71053 /* Assets.xcassets */; };
		DD154A62A33FAE595D5FCE00 /* CNovalReaderApp.swift in Sources */ = {isa = PBXBuildFile; fileRef = 8CA4BD647D8EEAAD7DEE4B4D /* CNovalReaderApp.swift */; };
		F14B2FA403EA3DCC39CF7CFD /* ReaderFactory.swift in Sources */ = {isa = PBXBuildFile; fileRef = 347BE3360D88EDD95B364806 /* ReaderFactory.swift */; };
		F92883C890163C6B086DDF30 /* CNovalReaderUITests.swift in Sources */ = {isa = PBXBuildFile; fileRef = 2AA260360D2C10473A3FC5FB /* CNovalReaderUITests.swift */; };
/* End PBXBuildFile section */

/* Begin PBXContainerItemProxy section */
		3910CD11BABF94BA6E0024AF /* PBXContainerItemProxy */ = {
			isa = PBXContainerItemProxy;
			containerPortal = DE4C2CB8EA94C6EE0B7A5531 /* Project object */;
			proxyType = 1;
			remoteGlobalIDString = C8225A1B92F808EA1BB42844;
			remoteInfo = CNovalReader;
		};
		B9991CEF5E60E9946F7BDAD9 /* PBXContainerItemProxy */ = {
			isa = PBXContainerItemProxy;
			containerPortal = DE4C2CB8EA94C6EE0B7A5531 /* Project object */;
			proxyType = 1;
			remoteGlobalIDString = C8225A1B92F808EA1BB42844;
			remoteInfo = CNovalReader;
		};
/* End PBXContainerItemProxy section */

/* Begin PBXFileReference section */
		02F2245EB25505A4A40934DA /* BookDetailView.swift */ = {isa = PBXFileReference; lastKnownFileType = sourcecode.swift; path = BookDetailView.swift; sourceTree = "<group>"; };
		06CAD65AE03970CE09B71053 /* Assets.xcassets */ = {isa = PBXFileReference; lastKnownFileType = folder.assetcatalog; path = Assets.xcassets; sourceTree = "<group>"; };
		074E9878BC98C8DE1581B703 /* CNovalReaderTests.swift */ = {isa = PBXFileReference; lastKnownFileType = sourcecode.swift; path = CNovalReaderTests.swift; sourceTree = "<group>"; };
		1276BEE2D8CF067CBFA88C89 /* CNovalReader.app */ = {isa = PBXFileReference; includeInIndex = 0; lastKnownFileType = wrapper.application; path = CNovalReader.app; sourceTree = BUILT_PRODUCTS_DIR; };
		13127784E105C9DBD0F05787 /* ReaderSettingsView.swift */ = {isa = PBXFileReference; lastKnownFileType = sourcecode.swift; path = ReaderSettingsView.swift; sourceTree = "<group>"; };
		2AA260360D2C10473A3FC5FB /* CNovalReaderUITests.swift */ = {isa = PBXFileReference; lastKnownFileType = sourcecode.swift; path = CNovalReaderUITests.swift; sourceTree = "<group>"; };
		2AA9751A1320C6FC88D0364A /* DownloadService.swift */ = {isa = PBXFileReference; lastKnownFileType = sourcecode.swift; path = DownloadService.swift; sourceTree = "<group>"; };
		347BE3360D88EDD95B364806 /* ReaderFactory.swift */ = {isa = PBXFileReference; lastKnownFileType = sourcecode.swift; path = ReaderFactory.swift; sourceTree = "<group>"; };
		34EEAEE1E7DE4E20741DE3B7 /* PDFReaderView.swift */ = {isa = PBXFileReference; lastKnownFileType = sourcecode.swift; path = PDFReaderView.swift; sourceTree = "<group>"; };
		3C57C6602FB5588FEDD6738B /* CNovalReaderUITests.xctest */ = {isa = PBXFileReference; includeInIndex = 0; lastKnownFileType = wrapper.cfbundle; path = CNovalReaderUITests.xctest; sourceTree = BUILT_PRODUCTS_DIR; };
		59527F64C1C84AC2F3DE71DB /* TXTReaderView.swift */ = {isa = PBXFileReference; lastKnownFileType = sourcecode.swift; path = TXTReaderView.swift; sourceTree = "<group>"; };
		ABCD1234567890ABCD123456 /* ReaderSharedComponents.swift */ = {isa = PBXFileReference; lastKnownFileType = sourcecode.swift; path = ReaderSharedComponents.swift; sourceTree = "<group>"; };
		730D090AAF48D85DAB71D78A /* ContentView.swift */ = {isa = PBXFileReference; lastKnownFileType = sourcecode.swift; path = ContentView.swift; sourceTree = "<group>"; };
		89673E92440279510A0BD851 /* URL+Extensions.swift */ = {isa = PBXFileReference; lastKnownFileType = sourcecode.swift; path = "URL+Extensions.swift"; sourceTree = "<group>"; };
		8CA4BD647D8EEAAD7DEE4B4D /* CNovalReaderApp.swift */ = {isa = PBXFileReference; lastKnownFileType = sourcecode.swift; path = CNovalReaderApp.swift; sourceTree = "<group>"; };
		8DDE2A32C7628A50D635C9EF /* Book.swift */ = {isa = PBXFileReference; lastKnownFileType = sourcecode.swift; path = Book.swift; sourceTree = "<group>"; };
		8EF181A4FE081CD147569E77 /* CNovalReader.entitlements */ = {isa = PBXFileReference; lastKnownFileType = text.plist.entitlements; path = CNovalReader.entitlements; sourceTree = "<group>"; };
		95B4BA53F46ED0F93CFE521A /* CNovalReaderTests.xctest */ = {isa = PBXFileReference; includeInIndex = 0; lastKnownFileType = wrapper.cfbundle; path = CNovalReaderTests.xctest; sourceTree = BUILT_PRODUCTS_DIR; };
		9CDF0184C29035A903358D06 /* EPUBReaderView.swift */ = {isa = PBXFileReference; lastKnownFileType = sourcecode.swift; path = EPUBReaderView.swift; sourceTree = "<group>"; };
		9CEBD727A106F988A700B2F0 /* DownloadError.swift */ = {isa = PBXFileReference; lastKnownFileType = sourcecode.swift; path = DownloadError.swift; sourceTree = "<group>"; };
		9D5E6EF5AB1CA9C110967362 /* ReaderSettings.swift */ = {isa = PBXFileReference; lastKnownFileType = sourcecode.swift; path = ReaderSettings.swift; sourceTree = "<group>"; };
		9F9ADAFE7C025105302A37F3 /* DownloadView.swift */ = {isa = PBXFileReference; lastKnownFileType = sourcecode.swift; path = DownloadView.swift; sourceTree = "<group>"; };
		BA29F4D31302E5A65AC92086 /* EPUBParsingService.swift */ = {isa = PBXFileReference; lastKnownFileType = sourcecode.swift; path = EPUBParsingService.swift; sourceTree = "<group>"; };
		C0V3RF3TCH3F3TCHS3RV1C3 /* CoverFetchService.swift */ = {isa = PBXFileReference; lastKnownFileType = sourcecode.swift; path = CoverFetchService.swift; sourceTree = "<group>"; };
		BB9A241146B1DA22768BB8D3 /* CNovalReaderUITestsLaunchTests.swift */ = {isa = PBXFileReference; lastKnownFileType = sourcecode.swift; path = CNovalReaderUITestsLaunchTests.swift; sourceTree = "<group>"; };
		BFAA7BA8A99D740BDB09DBE1 /* BookRowView.swift */ = {isa = PBXFileReference; lastKnownFileType = sourcecode.swift; path = BookRowView.swift; sourceTree = "<group>"; };
		C1D7F38AFF07CA251232ECD8 /* FileManagerService.swift */ = {isa = PBXFileReference; lastKnownFileType = sourcecode.swift; path = FileManagerService.swift; sourceTree = "<group>"; };
		CD9AFFCAE5A26175245BCC12 /* DownloadViewModel.swift */ = {isa = PBXFileReference; lastKnownFileType = sourcecode.swift; path = DownloadViewModel.swift; sourceTree = "<group>"; };
		F3F6A8F9B72FDD0437809741 /* Info.plist */ = {isa = PBXFileReference; lastKnownFileType = text.plist; path = Info.plist; sourceTree = "<group>"; };
/* End PBXFileReference section */

/* Begin PBXFrameworksBuildPhase section */
		705A408D3F6EEDB41705E95C /* Frameworks */ = {
			isa = PBXFrameworksBuildPhase;
			buildActionMask = 2147483647;
			files = (
				76450F96055D0992BF6C9E0D /* ZIPFoundation in Frameworks */,
			);
			runOnlyForDeploymentPostprocessing = 0;
		};
/* End PBXFrameworksBuildPhase section */

/* Begin PBXGroup section */
		1842C30E4ECAEB341CDB99AF /* Products */ = {
			isa = PBXGroup;
			children = (
				1276BEE2D8CF067CBFA88C89 /* CNovalReader.app */,
				95B4BA53F46ED0F93CFE521A /* CNovalReaderTests.xctest */,
				3C57C6602FB5588FEDD6738B /* CNovalReaderUITests.xctest */,
			);
			name = Products;
			sourceTree = "<group>";
		};
		2DF19784E37BF0F32BC0D400 /* CNovalReaderTests */ = {
			isa = PBXGroup;
			children = (
				074E9878BC98C8DE1581B703 /* CNovalReaderTests.swift */,
			);
			path = CNovalReaderTests;
			sourceTree = "<group>";
		};
		346859093C82CBCE9831D124 = {
			isa = PBXGroup;
			children = (
				640A91F72653E9356436AEAA /* CNovalReader */,
				2DF19784E37BF0F32BC0D400 /* CNovalReaderTests */,
				A3783551A74A9ADB0BB46410 /* CNovalReaderUITests */,
				1842C30E4ECAEB341CDB99AF /* Products */,
			);
			sourceTree = "<group>";
		};
		521D55B776499393DB540257 /* Readers */ = {
			isa = PBXGroup;
			children = (
				9CDF0184C29035A903358D06 /* EPUBReaderView.swift */,
				34EEAEE1E7DE4E20741DE3B7 /* PDFReaderView.swift */,
				347BE3360D88EDD95B364806 /* ReaderFactory.swift */,
				59527F64C1C84AC2F3DE71DB /* TXTReaderView.swift */,
				ABCD1234567890ABCD123456 /* ReaderSharedComponents.swift */,
			);
			path = Readers;
			sourceTree = "<group>";
		};
		640A91F72653E9356436AEAA /* CNovalReader */ = {
			isa = PBXGroup;
			children = (
				06CAD65AE03970CE09B71053 /* Assets.xcassets */,
				8EF181A4FE081CD147569E77 /* CNovalReader.entitlements */,
				8CA4BD647D8EEAAD7DEE4B4D /* CNovalReaderApp.swift */,
				730D090AAF48D85DAB71D78A /* ContentView.swift */,
				F3F6A8F9B72FDD0437809741 /* Info.plist */,
				9E3EE02A59A21B77539B426D /* Extensions */,
				6DA175DD5DA77C5C76D92E4C /* Models */,
				521D55B776499393DB540257 /* Readers */,
				734542AD497FB37F99AC9F47 /* Services */,
				D9F58E639C5B151E9675ED33 /* Utilities */,
				CBA42C22148CEACDABF5E456 /* ViewModels */,
				6710E51CEBBE475B6DC40CF9 /* Views */,
			);
			path = CNovalReader;
			sourceTree = "<group>";
		};
		6710E51CEBBE475B6DC40CF9 /* Views */ = {
			isa = PBXGroup;
			children = (
				02F2245EB25505A4A40934DA /* BookDetailView.swift */,
				BFAA7BA8A99D740BDB09DBE1 /* BookRowView.swift */,
				9F9ADAFE7C025105302A37F3 /* DownloadView.swift */,
				13127784E105C9DBD0F05787 /* ReaderSettingsView.swift */,
			);
			path = Views;
			sourceTree = "<group>";
		};
		6DA175DD5DA77C5C76D92E4C /* Models */ = {
			isa = PBXGroup;
			children = (
				8DDE2A32C7628A50D635C9EF /* Book.swift */,
			);
			path = Models;
			sourceTree = "<group>";
		};
		734542AD497FB37F99AC9F47 /* Services */ = {
			isa = PBXGroup;
			children = (
				2AA9751A1320C6FC88D0364A /* DownloadService.swift */,
				BA29F4D31302E5A65AC92086 /* EPUBParsingService.swift */,
				C1D7F38AFF07CA251232ECD8 /* FileManagerService.swift */,
				C0V3RF3TCH3F3TCHS3RV1C3 /* CoverFetchService.swift */,
				9D5E6EF5AB1CA9C110967362 /* ReaderSettings.swift */,
			);
			path = Services;
			sourceTree = "<group>";
		};
		9E3EE02A59A21B77539B426D /* Extensions */ = {
			isa = PBXGroup;
			children = (
				89673E92440279510A0BD851 /* URL+Extensions.swift */,
			);
			path = Extensions;
			sourceTree = "<group>";
		};
		A3783551A74A9ADB0BB46410 /* CNovalReaderUITests */ = {
			isa = PBXGroup;
			children = (
				2AA260360D2C10473A3FC5FB /* CNovalReaderUITests.swift */,
				BB9A241146B1DA22768BB8D3 /* CNovalReaderUITestsLaunchTests.swift */,
			);
			path = CNovalReaderUITests;
			sourceTree = "<group>";
		};
		CBA42C22148CEACDABF5E456 /* ViewModels */ = {
			isa = PBXGroup;
			children = (
				CD9AFFCAE5A26175245BCC12 /* DownloadViewModel.swift */,
			);
			path = ViewModels;
			sourceTree = "<group>";
		};
		D9F58E639C5B151E9675ED33 /* Utilities */ = {
			isa = PBXGroup;
			children = (
				9CEBD727A106F988A700B2F0 /* DownloadError.swift */,
			);
			path = Utilities;
			sourceTree = "<group>";
		};
/* End PBXGroup section */

/* Begin PBXNativeTarget section */
		215FB9495B2C8972B528A4C8 /* CNovalReaderUITests */ = {
			isa = PBXNativeTarget;
			buildConfigurationList = 38926F18217A1E0C92655F92 /* Build configuration list for PBXNativeTarget "CNovalReaderUITests" */;
			buildPhases = (
				AB8BA4BD18B68F2916A0877D /* Sources */,
			);
			buildRules = (
			);
			dependencies = (
				1491A1B4A3BB6CD7F200AA74 /* PBXTargetDependency */,
			);
			name = CNovalReaderUITests;
			packageProductDependencies = (
			);
			productName = CNovalReaderUITests;
			productReference = 3C57C6602FB5588FEDD6738B /* CNovalReaderUITests.xctest */;
			productType = "com.apple.product-type.bundle.ui-testing";
		};
		6E67EC7C21857F8777370C2C /* CNovalReaderTests */ = {
			isa = PBXNativeTarget;
			buildConfigurationList = 3D13388D173C588B99F21956 /* Build configuration list for PBXNativeTarget "CNovalReaderTests" */;
			buildPhases = (
				8829B81841B59274C03BE948 /* Sources */,
			);
			buildRules = (
			);
			dependencies = (
				84A1BBEA38E0A4732913711A /* PBXTargetDependency */,
			);
			name = CNovalReaderTests;
			packageProductDependencies = (
			);
			productName = CNovalReaderTests;
			productReference = 95B4BA53F46ED0F93CFE521A /* CNovalReaderTests.xctest */;
			productType = "com.apple.product-type.bundle.unit-test";
		};
		C8225A1B92F808EA1BB42844 /* CNovalReader */ = {
			isa = PBXNativeTarget;
			buildConfigurationList = 2DDE50D320919821CEE6D9CC /* Build configuration list for PBXNativeTarget "CNovalReader" */;
			buildPhases = (
				25CB89C968A6CF1B66C17FE7 /* Sources */,
				99AF8BD6FF33EB50A4208358 /* Resources */,
				705A408D3F6EEDB41705E95C /* Frameworks */,
			);
			buildRules = (
			);
			dependencies = (
			);
			name = CNovalReader;
			packageProductDependencies = (
				C99E7A7ABA2FE0CFA6BA6247 /* ZIPFoundation */,
			);
			productName = CNovalReader;
			productReference = 1276BEE2D8CF067CBFA88C89 /* CNovalReader.app */;
			productType = "com.apple.product-type.application";
		};
/* End PBXNativeTarget section */

/* Begin PBXProject section */
		DE4C2CB8EA94C6EE0B7A5531 /* Project object */ = {
			isa = PBXProject;
			attributes = {
				BuildIndependentTargetsInParallel = YES;
				LastUpgradeCheck = 1430;
				TargetAttributes = {
					215FB9495B2C8972B528A4C8 = {
						TestTargetID = C8225A1B92F808EA1BB42844;
					};
					C8225A1B92F808EA1BB42844 = {
						DevelopmentTeam = "";
					};
				};
			};
			buildConfigurationList = 60242C9BD1DD3BF3A191DF41 /* Build configuration list for PBXProject "CNovalReader" */;
			compatibilityVersion = "Xcode 14.0";
			developmentRegion = en;
			hasScannedForEncodings = 0;
			knownRegions = (
				Base,
				en,
			);
			mainGroup = 346859093C82CBCE9831D124;
			minimizedProjectReferenceProxies = 1;
			packageReferences = (
				A28B745D928CE02E36EF613A /* XCRemoteSwiftPackageReference "ZIPFoundation" */,
			);
			preferredProjectObjectVersion = 77;
			projectDirPath = "";
			projectRoot = "";
			targets = (
				C8225A1B92F808EA1BB42844 /* CNovalReader */,
				6E67EC7C21857F8777370C2C /* CNovalReaderTests */,
				215FB9495B2C8972B528A4C8 /* CNovalReaderUITests */,
			);
		};
/* End PBXProject section */

/* Begin PBXResourcesBuildPhase section */
		99AF8BD6FF33EB50A4208358 /* Resources */ = {
			isa = PBXResourcesBuildPhase;
			buildActionMask = 2147483647;
			files = (
				C3C512F88378D13CCAA1FF41 /* Assets.xcassets in Resources */,
			);
			runOnlyForDeploymentPostprocessing = 0;
		};
/* End PBXResourcesBuildPhase section */

/* Begin PBXSourcesBuildPhase section */
		25CB89C968A6CF1B66C17FE7 /* Sources */ = {
			isa = PBXSourcesBuildPhase;
			buildActionMask = 2147483647;
			files = (
				3D1A3D7330BC6541676E0AFD /* Book.swift in Sources */,
				6B6AB17DE808096E650AE593 /* BookDetailView.swift in Sources */,
				294019A23BC7B68C3658CDDD /* BookRowView.swift in Sources */,
				DD154A62A33FAE595D5FCE00 /* CNovalReaderApp.swift in Sources */,
				1BF545CA38D0C0370A9FBB0B /* ContentView.swift in Sources */,
				B437BF5C0FA672A8988FEA81 /* DownloadError.swift in Sources */,
				04EE55491D3137B33F5197C5 /* DownloadService.swift in Sources */,
				1459B054FB8F36BFD256DFDE /* DownloadView.swift in Sources */,
				40E3200F65F204CB565EC3CE /* DownloadViewModel.swift in Sources */,
				527C830854E27BB7EDCD8AC1 /* EPUBParsingService.swift in Sources */,
				C0V3RF3TCH3F3TCHS3RV1C4 /* CoverFetchService.swift in Sources */,
				A2B840B0E6BE120C0ABDAD33 /* EPUBReaderView.swift in Sources */,
				62A021B91052A4591C23905E /* FileManagerService.swift in Sources */,
				47B6A651615AC6E17837C293 /* PDFReaderView.swift in Sources */,
				F14B2FA403EA3DCC39CF7CFD /* ReaderFactory.swift in Sources */,
				0FDEA42279CFF55C6EF04232 /* ReaderSettings.swift in Sources */,
				1B3A1D4F54DFA4B9792BF13A /* ReaderSettingsView.swift in Sources */,
				371925B595E3BBE2E37CA551 /* TXTReaderView.swift in Sources */,
				ABCD1234567890ABCD123457 /* ReaderSharedComponents.swift in Sources */,
				1352A864DC0507000DD17076 /* URL+Extensions.swift in Sources */,
			);
			runOnlyForDeploymentPostprocessing = 0;
		};
		8829B81841B59274C03BE948 /* Sources */ = {
			isa = PBXSourcesBuildPhase;
			buildActionMask = 2147483647;
			files = (
				2782A5B741B62016B9E2B094 /* CNovalReaderTests.swift in Sources */,
			);
			runOnlyForDeploymentPostprocessing = 0;
		};
		AB8BA4BD18B68F2916A0877D /* Sources */ = {
			isa = PBXSourcesBuildPhase;
			buildActionMask = 2147483647;
			files = (
				F92883C890163C6B086DDF30 /* CNovalReaderUITests.swift in Sources */,
				7F6795D0EF0ECCEF3339A397 /* CNovalReaderUITestsLaunchTests.swift in Sources */,
			);
			runOnlyForDeploymentPostprocessing = 0;
		};
/* End PBXSourcesBuildPhase section */

/* Begin PBXTargetDependency section */
		1491A1B4A3BB6CD7F200AA74 /* PBXTargetDependency */ = {
			isa = PBXTargetDependency;
			target = C8225A1B92F808EA1BB42844 /* CNovalReader */;
			targetProxy = B9991CEF5E60E9946F7BDAD9 /* PBXContainerItemProxy */;
		};
		84A1BBEA38E0A4732913711A /* PBXTargetDependency */ = {
			isa = PBXTargetDependency;
			target = C8225A1B92F808EA1BB42844 /* CNovalReader */;
			targetProxy = 3910CD11BABF94BA6E0024AF /* PBXContainerItemProxy */;
		};
/* End PBXTargetDependency section */

/* Begin XCBuildConfiguration section */
		24C3C69DAD4D009D6BA86E28 /* Debug */ = {
			isa = XCBuildConfiguration;
			buildSettings = {
				ASSETCATALOG_COMPILER_APPICON_NAME = AppIcon;
				CODE_SIGNING_ALLOWED = YES;
				CODE_SIGNING_REQUIRED = NO;
				CODE_SIGN_IDENTITY = "-";
				CURRENT_PROJECT_VERSION = 1;
				DEVELOPMENT_TEAM = "";
				INFOPLIST_FILE = CNovalReader/Info.plist;
				LD_RUNPATH_SEARCH_PATHS = (
					"$(inherited)",
					"@executable_path/Frameworks",
				);
				MARKETING_VERSION = 1.0;
				PRODUCT_BUNDLE_IDENTIFIER = CarryChen.CNovalReader;
				SDKROOT = iphoneos;
				TARGETED_DEVICE_FAMILY = "1,2";
			};
			name = Debug;
		};
		35E6F7F51710635FB0FF2C9B /* Release */ = {
			isa = XCBuildConfiguration;
			buildSettings = {
				BUNDLE_LOADER = "$(TEST_HOST)";
				LD_RUNPATH_SEARCH_PATHS = (
					"$(inherited)",
					"@executable_path/Frameworks",
					"@loader_path/Frameworks",
				);
				PRODUCT_BUNDLE_IDENTIFIER = CarryChen.CNovalReaderTests;
				SDKROOT = iphoneos;
				TARGETED_DEVICE_FAMILY = "1,2";
				TEST_HOST = "$(BUILT_PRODUCTS_DIR)/CNovalReader.app/CNovalReader";
			};
			name = Release;
		};
		4171431751EC452BED31EAD6 /* Debug */ = {
			isa = XCBuildConfiguration;
			buildSettings = {
				ALWAYS_SEARCH_USER_PATHS = NO;
				CLANG_ANALYZER_NONNULL = YES;
				CLANG_ANALYZER_NUMBER_OBJECT_CONVERSION = YES_AGGRESSIVE;
				CLANG_CXX_LANGUAGE_STANDARD = "gnu++14";
				CLANG_CXX_LIBRARY = "libc++";
				CLANG_ENABLE_MODULES = YES;
				CLANG_ENABLE_OBJC_ARC = YES;
				CLANG_ENABLE_OBJC_WEAK = YES;
				CLANG_WARN_BLOCK_CAPTURE_AUTORELEASING = YES;
				CLANG_WARN_BOOL_CONVERSION = YES;
				CLANG_WARN_COMMA = YES;
				CLANG_WARN_CONSTANT_CONVERSION = YES;
				CLANG_WARN_DEPRECATED_OBJC_IMPLEMENTATIONS = YES;
				CLANG_WARN_DIRECT_OBJC_ISA_USAGE = YES_ERROR;
				CLANG_WARN_DOCUMENTATION_COMMENTS = YES;
				CLANG_WARN_EMPTY_BODY = YES;
				CLANG_WARN_ENUM_CONVERSION = YES;
				CLANG_WARN_INFINITE_RECURSION = YES;
				CLANG_WARN_INT_CONVERSION = YES;
				CLANG_WARN_NON_LITERAL_NULL_CONVERSION = YES;
				CLANG_WARN_OBJC_IMPLICIT_RETAIN_SELF = YES;
				CLANG_WARN_OBJC_LITERAL_CONVERSION = YES;
				CLANG_WARN_OBJC_ROOT_CLASS = YES_ERROR;
				CLANG_WARN_QUOTED_INCLUDE_IN_FRAMEWORK_HEADER = YES;
				CLANG_WARN_RANGE_LOOP_ANALYSIS = YES;
				CLANG_WARN_STRICT_PROTOTYPES = YES;
				CLANG_WARN_SUSPICIOUS_MOVE = YES;
				CLANG_WARN_UNGUARDED_AVAILABILITY = YES_AGGRESSIVE;
				CLANG_WARN_UNREACHABLE_CODE = YES;
				CLANG_WARN__DUPLICATE_METHOD_MATCH = YES;
				COPY_PHASE_STRIP = NO;
				DEBUG_INFORMATION_FORMAT = dwarf;
				ENABLE_STRICT_OBJC_MSGSEND = YES;
				ENABLE_TESTABILITY = YES;
				GCC_C_LANGUAGE_STANDARD = gnu11;
				GCC_DYNAMIC_NO_PIC = NO;
				GCC_NO_COMMON_BLOCKS = YES;
				GCC_OPTIMIZATION_LEVEL = 0;
				GCC_PREPROCESSOR_DEFINITIONS = (
					"$(inherited)",
					"DEBUG=1",
				);
				GCC_WARN_64_TO_32_BIT_CONVERSION = YES;
				GCC_WARN_ABOUT_RETURN_TYPE = YES_ERROR;
				GCC_WARN_UNDECLARED_SELECTOR = YES;
				GCC_WARN_UNINITIALIZED_AUTOS = YES_AGGRESSIVE;
				GCC_WARN_UNUSED_FUNCTION = YES;
				GCC_WARN_UNUSED_VARIABLE = YES;
				IPHONEOS_DEPLOYMENT_TARGET = 17.0;
				MTL_ENABLE_DEBUG_INFO = INCLUDE_SOURCE;
				MTL_FAST_MATH = YES;
				ONLY_ACTIVE_ARCH = YES;
				PRODUCT_NAME = "$(TARGET_NAME)";
				SDKROOT = iphoneos;
				SWIFT_ACTIVE_COMPILATION_CONDITIONS = DEBUG;
				SWIFT_OPTIMIZATION_LEVEL = "-Onone";
				SWIFT_VERSION = 5.0;
			};
			name = Debug;
		};
		49C68A0C611C26C09AA589F4 /* Release */ = {
			isa = XCBuildConfiguration;
			buildSettings = {
				ALWAYS_SEARCH_USER_PATHS = NO;
				CLANG_ANALYZER_NONNULL = YES;
				CLANG_ANALYZER_NUMBER_OBJECT_CONVERSION = YES_AGGRESSIVE;
				CLANG_CXX_LANGUAGE_STANDARD = "gnu++14";
				CLANG_CXX_LIBRARY = "libc++";
				CLANG_ENABLE_MODULES = YES;
				CLANG_ENABLE_OBJC_ARC = YES;
				CLANG_ENABLE_OBJC_WEAK = YES;
				CLANG_WARN_BLOCK_CAPTURE_AUTORELEASING = YES;
				CLANG_WARN_BOOL_CONVERSION = YES;
				CLANG_WARN_COMMA = YES;
				CLANG_WARN_CONSTANT_CONVERSION = YES;
				CLANG_WARN_DEPRECATED_OBJC_IMPLEMENTATIONS = YES;
				CLANG_WARN_DIRECT_OBJC_ISA_USAGE = YES_ERROR;
				CLANG_WARN_DOCUMENTATION_COMMENTS = YES;
				CLANG_WARN_EMPTY_BODY = YES;
				CLANG_WARN_ENUM_CONVERSION = YES;
				CLANG_WARN_INFINITE_RECURSION = YES;
				CLANG_WARN_INT_CONVERSION = YES;
				CLANG_WARN_NON_LITERAL_NULL_CONVERSION = YES;
				CLANG_WARN_OBJC_IMPLICIT_RETAIN_SELF = YES;
				CLANG_WARN_OBJC_LITERAL_CONVERSION = YES;
				CLANG_WARN_OBJC_ROOT_CLASS = YES_ERROR;
				CLANG_WARN_QUOTED_INCLUDE_IN_FRAMEWORK_HEADER = YES;
				CLANG_WARN_RANGE_LOOP_ANALYSIS = YES;
				CLANG_WARN_STRICT_PROTOTYPES = YES;
				CLANG_WARN_SUSPICIOUS_MOVE = YES;
				CLANG_WARN_UNGUARDED_AVAILABILITY = YES_AGGRESSIVE;
				CLANG_WARN_UNREACHABLE_CODE = YES;
				CLANG_WARN__DUPLICATE_METHOD_MATCH = YES;
				COPY_PHASE_STRIP = NO;
				DEBUG_INFORMATION_FORMAT = "dwarf-with-dsym";
				ENABLE_NS_ASSERTIONS = NO;
				ENABLE_STRICT_OBJC_MSGSEND = YES;
				GCC_C_LANGUAGE_STANDARD = gnu11;
				GCC_NO_COMMON_BLOCKS = YES;
				GCC_WARN_64_TO_32_BIT_CONVERSION = YES;
				GCC_WARN_ABOUT_RETURN_TYPE = YES_ERROR;
				GCC_WARN_UNDECLARED_SELECTOR = YES;
				GCC_WARN_UNINITIALIZED_AUTOS = YES_AGGRESSIVE;
				GCC_WARN_UNUSED_FUNCTION = YES;
				GCC_WARN_UNUSED_VARIABLE = YES;
				IPHONEOS_DEPLOYMENT_TARGET = 17.0;
				MTL_ENABLE_DEBUG_INFO = NO;
				MTL_FAST_MATH = YES;
				PRODUCT_NAME = "$(TARGET_NAME)";
				SDKROOT = iphoneos;
				SWIFT_COMPILATION_MODE = wholemodule;
				SWIFT_OPTIMIZATION_LEVEL = "-O";
				SWIFT_VERSION = 5.0;
			};
			name = Release;
		};
		7ED00A3469E8A6F02F5D402C /* Release */ = {
			isa = XCBuildConfiguration;
			buildSettings = {
				BUNDLE_LOADER = "$(TEST_HOST)";
				LD_RUNPATH_SEARCH_PATHS = (
					"$(inherited)",
					"@executable_path/Frameworks",
					"@loader_path/Frameworks",
				);
				PRODUCT_BUNDLE_IDENTIFIER = CarryChen.CNovalReaderUITests;
				SDKROOT = iphoneos;
				TARGETED_DEVICE_FAMILY = "1,2";
				TEST_TARGET_NAME = CNovalReader;
			};
			name = Release;
		};
		DB0A0A1499F76A6D47107302 /* Debug */ = {
			isa = XCBuildConfiguration;
			buildSettings = {
				BUNDLE_LOADER = "$(TEST_HOST)";
				LD_RUNPATH_SEARCH_PATHS = (
					"$(inherited)",
					"@executable_path/Frameworks",
					"@loader_path/Frameworks",
				);
				PRODUCT_BUNDLE_IDENTIFIER = CarryChen.CNovalReaderTests;
				SDKROOT = iphoneos;
				TARGETED_DEVICE_FAMILY = "1,2";
				TEST_HOST = "$(BUILT_PRODUCTS_DIR)/CNovalReader.app/CNovalReader";
			};
			name = Debug;
		};
		F164233787887B621B503057 /* Debug */ = {
			isa = XCBuildConfiguration;
			buildSettings = {
				BUNDLE_LOADER = "$(TEST_HOST)";
				LD_RUNPATH_SEARCH_PATHS = (
					"$(inherited)",
					"@executable_path/Frameworks",
					"@loader_path/Frameworks",
				);
				PRODUCT_BUNDLE_IDENTIFIER = CarryChen.CNovalReaderUITests;
				SDKROOT = iphoneos;
				TARGETED_DEVICE_FAMILY = "1,2";
				TEST_TARGET_NAME = CNovalReader;
			};
			name = Debug;
		};
		F2663FF340E6AE2A4F8DAFD0 /* Release */ = {
			isa = XCBuildConfiguration;
			buildSettings = {
				ASSETCATALOG_COMPILER_APPICON_NAME = AppIcon;
				CODE_SIGNING_ALLOWED = YES;
				CODE_SIGNING_REQUIRED = NO;
				CODE_SIGN_IDENTITY = "-";
				CURRENT_PROJECT_VERSION = 1;
				DEVELOPMENT_TEAM = "";
				INFOPLIST_FILE = CNovalReader/Info.plist;
				LD_RUNPATH_SEARCH_PATHS = (
					"$(inherited)",
					"@executable_path/Frameworks",
				);
				MARKETING_VERSION = 1.0;
				PRODUCT_BUNDLE_IDENTIFIER = CarryChen.CNovalReader;
				SDKROOT = iphoneos;
				TARGETED_DEVICE_FAMILY = "1,2";
			};
			name = Release;
		};
/* End XCBuildConfiguration section */

/* Begin XCConfigurationList section */
		2DDE50D320919821CEE6D9CC /* Build configuration list for PBXNativeTarget "CNovalReader" */ = {
			isa = XCConfigurationList;
			buildConfigurations = (
				24C3C69DAD4D009D6BA86E28 /* Debug */,
				F2663FF340E6AE2A4F8DAFD0 /* Release */,
			);
			defaultConfigurationIsVisible = 0;
			defaultConfigurationName = Debug;
		};
		38926F18217A1E0C92655F92 /* Build configuration list for PBXNativeTarget "CNovalReaderUITests" */ = {
			isa = XCConfigurationList;
			buildConfigurations = (
				F164233787887B621B503057 /* Debug */,
				7ED00A3469E8A6F02F5D402C /* Release */,
			);
			defaultConfigurationIsVisible = 0;
			defaultConfigurationName = Debug;
		};
		3D13388D173C588B99F21956 /* Build configuration list for PBXNativeTarget "CNovalReaderTests" */ = {
			isa = XCConfigurationList;
			buildConfigurations = (
				DB0A0A1499F76A6D47107302 /* Debug */,
				35E6F7F51710635FB0FF2C9B /* Release */,
			);
			defaultConfigurationIsVisible = 0;
			defaultConfigurationName = Debug;
		};
		60242C9BD1DD3BF3A191DF41 /* Build configuration list for PBXProject "CNovalReader" */ = {
			isa = XCConfigurationList;
			buildConfigurations = (
				4171431751EC452BED31EAD6 /* Debug */,
				49C68A0C611C26C09AA589F4 /* Release */,
			);
			defaultConfigurationIsVisible = 0;
			defaultConfigurationName = Debug;
		};
/* End XCConfigurationList section */

/* Begin XCRemoteSwiftPackageReference section */
		A28B745D928CE02E36EF613A /* XCRemoteSwiftPackageReference "ZIPFoundation" */ = {
			isa = XCRemoteSwiftPackageReference;
			repositoryURL = "https://github.com/weichsel/ZIPFoundation";
			requirement = {
				kind = upToNextMajorVersion;
				minimumVersion = 0.9.0;
			};
		};
/* End XCRemoteSwiftPackageReference section */

/* Begin XCSwiftPackageProductDependency section */
		C99E7A7ABA2FE0CFA6BA6247 /* ZIPFoundation */ = {
			isa = XCSwiftPackageProductDependency;
			package = A28B745D928CE02E36EF613A /* XCRemoteSwiftPackageReference "ZIPFoundation" */;
			productName = ZIPFoundation;
		};
/* End XCSwiftPackageProductDependency section */
	};
	rootObject = DE4C2CB8EA94C6EE0B7A5531 /* Project object */;
}
